
Microsoft Visual Studio Solution File, Format Version 12.00
# Visual Studio 2013
Project("{FAE04EC0-301F-11D3-BF4B-00C04F79EFBC}") = "Hotel", "Hotel\Hotel.csproj", "{c3ad6846-cdce-4342-99ce-536ca9727fa0}"
EndProject
Global
	GlobalSection(SolutionConfigurationPlatforms) = preSolution
		Debug|Any CPU = Debug|Any CPU
		Release|Any CPU = Release|Any CPU
	EndGlobalSection
	GlobalSection(ProjectConfigurationPlatforms) = postSolution
		{C3AD6846-CDCE-4342-99CE-536CA9727FA0}.Debug|Any CPU.ActiveCfg = Debug|Any CPU
		{C3AD6846-CDCE-4342-99CE-536CA9727FA0}.Debug|Any CPU.Build.0 = Debug|Any CPU
		{C3AD6846-CDCE-4342-99CE-536CA9727FA0}.Release|Any CPU.ActiveCfg = Release|Any CPU
		{C3AD6846-CDCE-4342-99CE-536CA9727FA0}.Release|Any CPU.Build.0 = Release|Any CPU
	EndGlobalSection
EndGlobal
